
Microsoft Visual Studio Solution File, Format Version 12.00
# Visual Studio Version 16
VisualStudioVersion = 16.0.29926.136
MinimumVisualStudioVersion = 10.0.40219.1
Project("{FAE04EC0-301F-11D3-BF4B-00C04F79EFBC}") = "FirstApp", "FirstApp\FirstApp.csproj", "{3B6B4C3E-41C9-4ADB-925D-F81BE8F37C4F}"
EndProject
Global
	GlobalSection(SolutionConfigurationPlatforms) = preSolution
		Debug|Any CPU = Debug|Any CPU
		Release|Any CPU = Release|Any CPU
	EndGlobalSection
	GlobalSection(ProjectConfigurationPlatforms) = postSolution
		{3B6B4C3E-41C9-4ADB-925D-F81BE8F37C4F}.Debug|Any CPU.ActiveCfg = Debug|Any CPU
		{3B6B4C3E-41C9-4ADB-925D-F81BE8F37C4F}.Debug|Any CPU.Build.0 = Debug|Any CPU
		{3B6B4C3E-41C9-4ADB-925D-F81BE8F37C4F}.Release|Any CPU.ActiveCfg = Release|Any CPU
		{3B6B4C3E-41C9-4ADB-925D-F81BE8F37C4F}.Release|Any CPU.Build.0 = Release|Any CPU
	EndGlobalSection
	GlobalSection(SolutionProperties) = preSolution
		HideSolutionNode = FALSE
	EndGlobalSection
	GlobalSection(ExtensibilityGlobals) = postSolution
		SolutionGuid = {5F29E465-DBF6-4F06-BCA1-C15CA26894C1}
	EndGlobalSection
EndGlobal
